
Microsoft Visual Studio Solution File, Format Version 12.00
# Visual Studio Express 2012 for Web
Project("{FAE04EC0-301F-11D3-BF4B-00C04F79EFBC}") = "EstadoEncomenda", "EstadoEncomenda\EstadoEncomenda.csproj", "{1B39DB6B-41F5-40CD-BE41-DF051C5BD9D8}"
EndProject
Project("{FAE04EC0-301F-11D3-BF4B-00C04F79EFBC}") = "EstadoEncomenda.Tests", "EstadoEncomenda.Tests\EstadoEncomenda.Tests.csproj", "{6A152BC1-DA79-4077-B816-4AC8EE50F14A}"
EndProject
Global
	GlobalSection(SolutionConfigurationPlatforms) = preSolution
		Debug|Any CPU = Debug|Any CPU
		Release|Any CPU = Release|Any CPU
	EndGlobalSection
	GlobalSection(ProjectConfigurationPlatforms) = postSolution
		{1B39DB6B-41F5-40CD-BE41-DF051C5BD9D8}.Debug|Any CPU.ActiveCfg = Debug|Any CPU
		{1B39DB6B-41F5-40CD-BE41-DF051C5BD9D8}.Debug|Any CPU.Build.0 = Debug|Any CPU
		{1B39DB6B-41F5-40CD-BE41-DF051C5BD9D8}.Release|Any CPU.ActiveCfg = Release|Any CPU
		{1B39DB6B-41F5-40CD-BE41-DF051C5BD9D8}.Release|Any CPU.Build.0 = Release|Any CPU
		{6A152BC1-DA79-4077-B816-4AC8EE50F14A}.Debug|Any CPU.ActiveCfg = Debug|Any CPU
		{6A152BC1-DA79-4077-B816-4AC8EE50F14A}.Debug|Any CPU.Build.0 = Debug|Any CPU
		{6A152BC1-DA79-4077-B816-4AC8EE50F14A}.Release|Any CPU.ActiveCfg = Release|Any CPU
		{6A152BC1-DA79-4077-B816-4AC8EE50F14A}.Release|Any CPU.Build.0 = Release|Any CPU
	EndGlobalSection
	GlobalSection(SolutionProperties) = preSolution
		HideSolutionNode = FALSE
	EndGlobalSection
EndGlobal
